// !$*UTF8*$!
{
	archiveVersion = 1;
	classes = {
	};
	objectVersion = 48;
	objects = {

/* Begin PBXBuildFile section */
		6527DB191F57DEE600441D42 /* AppDelegate.m in Sources */ = {isa = PBXBuildFile; fileRef = 6527DB181F57DEE600441D42 /* AppDelegate.m */; };
		6527DB1C1F57DEE600441D42 /* ViewController.m in Sources */ = {isa = PBXBuildFile; fileRef = 6527DB1B1F57DEE600441D42 /* ViewController.m */; };
		6527DB1F1F57DEE600441D42 /* Main.storyboard in Resources */ = {isa = PBXBuildFile; fileRef = 6527DB1D1F57DEE600441D42 /* Main.storyboard */; };
		6527DB211F57DEE600441D42 /* Assets.xcassets in Resources */ = {isa = PBXBuildFile; fileRef = 6527DB201F57DEE600441D42 /* Assets.xcassets */; };
		6527DB241F57DEE600441D42 /* LaunchScreen.storyboard in Resources */ = {isa = PBXBuildFile; fileRef = 6527DB221F57DEE600441D42 /* LaunchScreen.storyboard */; };
		6527DB271F57DEE600441D42 /* main.m in Sources */ = {isa = PBXBuildFile; fileRef = 6527DB261F57DEE600441D42 /* main.m */; };
		6527DB531F57F31300441D42 /* libjre_emul.a in Frameworks */ = {isa = PBXBuildFile; fileRef = 6527DB521F57F31300441D42 /* libjre_emul.a */; };
		6527DB551F57F5EA00441D42 /* libiconv.tbd in Frameworks */ = {isa = PBXBuildFile; fileRef = 6527DB541F57F5EA00441D42 /* libiconv.tbd */; };
		65308A2F1F58628300E6BED0 /* ObjectWithList.m in Sources */ = {isa = PBXBuildFile; fileRef = 65308A2D1F58628200E6BED0 /* ObjectWithList.m */; };
		65308B4F1F586F6900E6BED0 /* ProtocolTest.m in Sources */ = {isa = PBXBuildFile; fileRef = 65308B4E1F586F6900E6BED0 /* ProtocolTest.m */; };
/* End PBXBuildFile section */

/* Begin PBXFileReference section */
		6527DB141F57DEE600441D42 /* Xcode9ProtocolTest.app */ = {isa = PBXFileReference; explicitFileType = wrapper.application; includeInIndex = 0; path = Xcode9ProtocolTest.app; sourceTree = BUILT_PRODUCTS_DIR; };
		6527DB171F57DEE600441D42 /* AppDelegate.h */ = {isa = PBXFileReference; lastKnownFileType = sourcecode.c.h; path = AppDelegate.h; sourceTree = "<group>"; };
		6527DB181F57DEE600441D42 /* AppDelegate.m */ = {isa = PBXFileReference; lastKnownFileType = sourcecode.c.objc; path = AppDelegate.m; sourceTree = "<group>"; };
		6527DB1A1F57DEE600441D42 /* ViewController.h */ = {isa = PBXFileReference; lastKnownFileType = sourcecode.c.h; path = ViewController.h; sourceTree = "<group>"; };
		6527DB1B1F57DEE600441D42 /* ViewController.m */ = {isa = PBXFileReference; lastKnownFileType = sourcecode.c.objc; path = ViewController.m; sourceTree = "<group>"; };
		6527DB1E1F57DEE600441D42 /* Base */ = {isa = PBXFileReference; lastKnownFileType = file.storyboard; name = Base; path = Base.lproj/Main.storyboard; sourceTree = "<group>"; };
		6527DB201F57DEE600441D42 /* Assets.xcassets */ = {isa = PBXFileReference; lastKnownFileType = folder.assetcatalog; path = Assets.xcassets; sourceTree = "<group>"; };
		6527DB231F57DEE600441D42 /* Base */ = {isa = PBXFileReference; lastKnownFileType = file.storyboard; name = Base; path = Base.lproj/LaunchScreen.storyboard; sourceTree = "<group>"; };
		6527DB251F57DEE600441D42 /* Info.plist */ = {isa = PBXFileReference; lastKnownFileType = text.plist.xml; path = Info.plist; sourceTree = "<group>"; };
		6527DB261F57DEE600441D42 /* main.m */ = {isa = PBXFileReference; lastKnownFileType = sourcecode.c.objc; path = main.m; sourceTree = "<group>"; };
		6527DB521F57F31300441D42 /* libjre_emul.a */ = {isa = PBXFileReference; lastKnownFileType = archive.ar; name = libjre_emul.a; path = ../../bc/j2objc/dist/lib/libjre_emul.a; sourceTree = "<group>"; };
		6527DB541F57F5EA00441D42 /* libiconv.tbd */ = {isa = PBXFileReference; lastKnownFileType = "sourcecode.text-based-dylib-definition"; name = libiconv.tbd; path = usr/lib/libiconv.tbd; sourceTree = SDKROOT; };
		65308A2B1F58621700E6BED0 /* ObjectWithList.java */ = {isa = PBXFileReference; lastKnownFileType = sourcecode.java; path = ObjectWithList.java; sourceTree = "<group>"; };
		65308A2D1F58628200E6BED0 /* ObjectWithList.m */ = {isa = PBXFileReference; lastKnownFileType = sourcecode.c.objc; path = ObjectWithList.m; sourceTree = "<group>"; };
		65308A2E1F58628200E6BED0 /* ObjectWithList.h */ = {isa = PBXFileReference; lastKnownFileType = sourcecode.c.h; path = ObjectWithList.h; sourceTree = "<group>"; };
		65308B4B1F586EEC00E6BED0 /* ProtocolTest.java */ = {isa = PBXFileReference; lastKnownFileType = sourcecode.java; path = ProtocolTest.java; sourceTree = "<group>"; };
		65308B4D1F586F6900E6BED0 /* ProtocolTest.h */ = {isa = PBXFileReference; lastKnownFileType = sourcecode.c.h; path = ProtocolTest.h; sourceTree = "<group>"; };
		65308B4E1F586F6900E6BED0 /* ProtocolTest.m */ = {isa = PBXFileReference; lastKnownFileType = sourcecode.c.objc; path = ProtocolTest.m; sourceTree = "<group>"; };
/* End PBXFileReference section */

/* Begin PBXFrameworksBuildPhase section */
		6527DB111F57DEE600441D42 /* Frameworks */ = {
			isa = PBXFrameworksBuildPhase;
			buildActionMask = 2147483647;
			files = (
				6527DB551F57F5EA00441D42 /* libiconv.tbd in Frameworks */,
				6527DB531F57F31300441D42 /* libjre_emul.a in Frameworks */,
			);
			runOnlyForDeploymentPostprocessing = 0;
		};
/* End PBXFrameworksBuildPhase section */

/* Begin PBXGroup section */
		6527DB0B1F57DEE600441D42 = {
			isa = PBXGroup;
			children = (
				6527DB161F57DEE600441D42 /* Xcode9ProtocolTest */,
				6527DB151F57DEE600441D42 /* Products */,
				6527DB511F57F31300441D42 /* Frameworks */,
			);
			sourceTree = "<group>";
		};
		6527DB151F57DEE600441D42 /* Products */ = {
			isa = PBXGroup;
			children = (
				6527DB141F57DEE600441D42 /* Xcode9ProtocolTest.app */,
			);
			name = Products;
			sourceTree = "<group>";
		};
		6527DB161F57DEE600441D42 /* Xcode9ProtocolTest */ = {
			isa = PBXGroup;
			children = (
				6527DB171F57DEE600441D42 /* AppDelegate.h */,
				6527DB181F57DEE600441D42 /* AppDelegate.m */,
				6527DB1A1F57DEE600441D42 /* ViewController.h */,
				6527DB1B1F57DEE600441D42 /* ViewController.m */,
				6527DB1D1F57DEE600441D42 /* Main.storyboard */,
				6527DB201F57DEE600441D42 /* Assets.xcassets */,
				6527DB221F57DEE600441D42 /* LaunchScreen.storyboard */,
				6527DB251F57DEE600441D42 /* Info.plist */,
				6527DB261F57DEE600441D42 /* main.m */,
				65308A2B1F58621700E6BED0 /* ObjectWithList.java */,
				65308B4B1F586EEC00E6BED0 /* ProtocolTest.java */,
				65308B4D1F586F6900E6BED0 /* ProtocolTest.h */,
				65308B4E1F586F6900E6BED0 /* ProtocolTest.m */,
				65308A2E1F58628200E6BED0 /* ObjectWithList.h */,
				65308A2D1F58628200E6BED0 /* ObjectWithList.m */,
			);
			path = Xcode9ProtocolTest;
			sourceTree = "<group>";
		};
		6527DB511F57F31300441D42 /* Frameworks */ = {
			isa = PBXGroup;
			children = (
				6527DB541F57F5EA00441D42 /* libiconv.tbd */,
				6527DB521F57F31300441D42 /* libjre_emul.a */,
			);
			name = Frameworks;
			sourceTree = "<group>";
		};
/* End PBXGroup section */

/* Begin PBXNativeTarget section */
		6527DB131F57DEE600441D42 /* Xcode9ProtocolTest */ = {
			isa = PBXNativeTarget;
			buildConfigurationList = 6527DB2A1F57DEE600441D42 /* Build configuration list for PBXNativeTarget "Xcode9ProtocolTest" */;
			buildPhases = (
				6527DB101F57DEE600441D42 /* Sources */,
				6527DB111F57DEE600441D42 /* Frameworks */,
				6527DB121F57DEE600441D42 /* Resources */,
			);
			buildRules = (
			);
			dependencies = (
			);
			name = Xcode9ProtocolTest;
			productName = Xcode9ProtocolTest;
			productReference = 6527DB141F57DEE600441D42 /* Xcode9ProtocolTest.app */;
			productType = "com.apple.product-type.application";
		};
/* End PBXNativeTarget section */

/* Begin PBXProject section */
		6527DB0C1F57DEE600441D42 /* Project object */ = {
			isa = PBXProject;
			attributes = {
				LastUpgradeCheck = 0900;
				ORGANIZATIONNAME = "Daniel Dickison";
				TargetAttributes = {
					6527DB131F57DEE600441D42 = {
						CreatedOnToolsVersion = 9.0;
						ProvisioningStyle = Automatic;
					};
				};
			};
			buildConfigurationList = 6527DB0F1F57DEE600441D42 /* Build configuration list for PBXProject "Xcode9ProtocolTest" */;
			compatibilityVersion = "Xcode 8.0";
			developmentRegion = en;
			hasScannedForEncodings = 0;
			knownRegions = (
				en,
				Base,
			);
			mainGroup = 6527DB0B1F57DEE600441D42;
			productRefGroup = 6527DB151F57DEE600441D42 /* Products */;
			projectDirPath = "";
			projectRoot = "";
			targets = (
				6527DB131F57DEE600441D42 /* Xcode9ProtocolTest */,
			);
		};
/* End PBXProject section */

/* Begin PBXResourcesBuildPhase section */
		6527DB121F57DEE600441D42 /* Resources */ = {
			isa = PBXResourcesBuildPhase;
			buildActionMask = 2147483647;
			files = (
				6527DB241F57DEE600441D42 /* LaunchScreen.storyboard in Resources */,
				6527DB211F57DEE600441D42 /* Assets.xcassets in Resources */,
				6527DB1F1F57DEE600441D42 /* Main.storyboard in Resources */,
			);
			runOnlyForDeploymentPostprocessing = 0;
		};
/* End PBXResourcesBuildPhase section */

/* Begin PBXSourcesBuildPhase section */
		6527DB101F57DEE600441D42 /* Sources */ = {
			isa = PBXSourcesBuildPhase;
			buildActionMask = 2147483647;
			files = (
				65308B4F1F586F6900E6BED0 /* ProtocolTest.m in Sources */,
				6527DB1C1F57DEE600441D42 /* ViewController.m in Sources */,
				6527DB271F57DEE600441D42 /* main.m in Sources */,
				65308A2F1F58628300E6BED0 /* ObjectWithList.m in Sources */,
				6527DB191F57DEE600441D42 /* AppDelegate.m in Sources */,
			);
			runOnlyForDeploymentPostprocessing = 0;
		};
/* End PBXSourcesBuildPhase section */

/* Begin PBXVariantGroup section */
		6527DB1D1F57DEE600441D42 /* Main.storyboard */ = {
			isa = PBXVariantGroup;
			children = (
				6527DB1E1F57DEE600441D42 /* Base */,
			);
			name = Main.storyboard;
			sourceTree = "<group>";
		};
		6527DB221F57DEE600441D42 /* LaunchScreen.storyboard */ = {
			isa = PBXVariantGroup;
			children = (
				6527DB231F57DEE600441D42 /* Base */,
			);
			name = LaunchScreen.storyboard;
			sourceTree = "<group>";
		};
/* End PBXVariantGroup section */

/* Begin XCBuildConfiguration section */
		6527DB281F57DEE600441D42 /* Debug */ = {
			isa = XCBuildConfiguration;
			buildSettings = {
				ALWAYS_SEARCH_USER_PATHS = NO;
				CLANG_ANALYZER_NONNULL = YES;
				CLANG_ANALYZER_NUMBER_OBJECT_CONVERSION = YES_AGGRESSIVE;
				CLANG_CXX_LANGUAGE_STANDARD = "gnu++14";
				CLANG_CXX_LIBRARY = "libc++";
				CLANG_ENABLE_MODULES = YES;
				CLANG_ENABLE_OBJC_ARC = YES;
				CLANG_WARN_BLOCK_CAPTURE_AUTORELEASING = YES;
				CLANG_WARN_BOOL_CONVERSION = YES;
				CLANG_WARN_COMMA = YES;
				CLANG_WARN_CONSTANT_CONVERSION = YES;
				CLANG_WARN_DIRECT_OBJC_ISA_USAGE = YES_ERROR;
				CLANG_WARN_DOCUMENTATION_COMMENTS = YES;
				CLANG_WARN_EMPTY_BODY = YES;
				CLANG_WARN_ENUM_CONVERSION = YES;
				CLANG_WARN_INFINITE_RECURSION = YES;
				CLANG_WARN_INT_CONVERSION = YES;
				CLANG_WARN_NON_LITERAL_NULL_CONVERSION = YES;
				CLANG_WARN_OBJC_LITERAL_CONVERSION = YES;
				CLANG_WARN_OBJC_ROOT_CLASS = YES_ERROR;
				CLANG_WARN_RANGE_LOOP_ANALYSIS = YES;
				CLANG_WARN_STRICT_PROTOTYPES = YES;
				CLANG_WARN_SUSPICIOUS_MOVE = YES;
				CLANG_WARN_UNGUARDED_AVAILABILITY = YES_AGGRESSIVE;
				CLANG_WARN_UNREACHABLE_CODE = YES;
				CLANG_WARN__DUPLICATE_METHOD_MATCH = YES;
				CODE_SIGN_IDENTITY = "iPhone Developer";
				COPY_PHASE_STRIP = NO;
				DEBUG_INFORMATION_FORMAT = dwarf;
				ENABLE_STRICT_OBJC_MSGSEND = YES;
				ENABLE_TESTABILITY = YES;
				GCC_C_LANGUAGE_STANDARD = gnu11;
				GCC_DYNAMIC_NO_PIC = NO;
				GCC_NO_COMMON_BLOCKS = YES;
				GCC_OPTIMIZATION_LEVEL = 0;
				GCC_PREPROCESSOR_DEFINITIONS = (
					"DEBUG=1",
					"$(inherited)",
				);
				GCC_WARN_64_TO_32_BIT_CONVERSION = YES;
				GCC_WARN_ABOUT_RETURN_TYPE = YES_ERROR;
				GCC_WARN_UNDECLARED_SELECTOR = YES;
				GCC_WARN_UNINITIALIZED_AUTOS = YES_AGGRESSIVE;
				GCC_WARN_UNUSED_FUNCTION = YES;
				GCC_WARN_UNUSED_VARIABLE = YES;
				IPHONEOS_DEPLOYMENT_TARGET = 11.0;
				MTL_ENABLE_DEBUG_INFO = YES;
				ONLY_ACTIVE_ARCH = YES;
				SDKROOT = iphoneos;
			};
			name = Debug;
		};
		6527DB291F57DEE600441D42 /* Release */ = {
			isa = XCBuildConfiguration;
			buildSettings = {
				ALWAYS_SEARCH_USER_PATHS = NO;
				CLANG_ANALYZER_NONNULL = YES;
				CLANG_ANALYZER_NUMBER_OBJECT_CONVERSION = YES_AGGRESSIVE;
				CLANG_CXX_LANGUAGE_STANDARD = "gnu++14";
				CLANG_CXX_LIBRARY = "libc++";
				CLANG_ENABLE_MODULES = YES;
				CLANG_ENABLE_OBJC_ARC = YES;
				CLANG_WARN_BLOCK_CAPTURE_AUTORELEASING = YES;
				CLANG_WARN_BOOL_CONVERSION = YES;
				CLANG_WARN_COMMA = YES;
				CLANG_WARN_CONSTANT_CONVERSION = YES;
				CLANG_WARN_DIRECT_OBJC_ISA_USAGE = YES_ERROR;
				CLANG_WARN_DOCUMENTATION_COMMENTS = YES;
				CLANG_WARN_EMPTY_BODY = YES;
				CLANG_WARN_ENUM_CONVERSION = YES;
				CLANG_WARN_INFINITE_RECURSION = YES;
				CLANG_WARN_INT_CONVERSION = YES;
				CLANG_WARN_NON_LITERAL_NULL_CONVERSION = YES;
				CLANG_WARN_OBJC_LITERAL_CONVERSION = YES;
				CLANG_WARN_OBJC_ROOT_CLASS = YES_ERROR;
				CLANG_WARN_RANGE_LOOP_ANALYSIS = YES;
				CLANG_WARN_STRICT_PROTOTYPES = YES;
				CLANG_WARN_SUSPICIOUS_MOVE = YES;
				CLANG_WARN_UNGUARDED_AVAILABILITY = YES_AGGRESSIVE;
				CLANG_WARN_UNREACHABLE_CODE = YES;
				CLANG_WARN__DUPLICATE_METHOD_MATCH = YES;
				CODE_SIGN_IDENTITY = "iPhone Developer";
				COPY_PHASE_STRIP = NO;
				DEBUG_INFORMATION_FORMAT = "dwarf-with-dsym";
				ENABLE_NS_ASSERTIONS = NO;
				ENABLE_STRICT_OBJC_MSGSEND = YES;
				GCC_C_LANGUAGE_STANDARD = gnu11;
				GCC_NO_COMMON_BLOCKS = YES;
				GCC_WARN_64_TO_32_BIT_CONVERSION = YES;
				GCC_WARN_ABOUT_RETURN_TYPE = YES_ERROR;
				GCC_WARN_UNDECLARED_SELECTOR = YES;
				GCC_WARN_UNINITIALIZED_AUTOS = YES_AGGRESSIVE;
				GCC_WARN_UNUSED_FUNCTION = YES;
				GCC_WARN_UNUSED_VARIABLE = YES;
				IPHONEOS_DEPLOYMENT_TARGET = 11.0;
				MTL_ENABLE_DEBUG_INFO = NO;
				SDKROOT = iphoneos;
				VALIDATE_PRODUCT = YES;
			};
			name = Release;
		};
		6527DB2B1F57DEE600441D42 /* Debug */ = {
			isa = XCBuildConfiguration;
			buildSettings = {
				ASSETCATALOG_COMPILER_APPICON_NAME = AppIcon;
				CLANG_ENABLE_OBJC_ARC = NO;
				CODE_SIGN_STYLE = Automatic;
				INFOPLIST_FILE = Xcode9ProtocolTest/Info.plist;
				LD_RUNPATH_SEARCH_PATHS = "$(inherited) @executable_path/Frameworks";
				LIBRARY_SEARCH_PATHS = "$(HOME)/bc/j2objc/dist/lib";
				PRODUCT_BUNDLE_IDENTIFIER = com.danieldickison.Xcode9ProtocolTest;
				PRODUCT_NAME = "$(TARGET_NAME)";
				TARGETED_DEVICE_FAMILY = "1,2";
				USER_HEADER_SEARCH_PATHS = "$(HOME)/bc/j2objc/dist/include";
			};
			name = Debug;
		};
		6527DB2C1F57DEE600441D42 /* Release */ = {
			isa = XCBuildConfiguration;
			buildSettings = {
				ASSETCATALOG_COMPILER_APPICON_NAME = AppIcon;
				CLANG_ENABLE_OBJC_ARC = NO;
				CODE_SIGN_STYLE = Automatic;
				INFOPLIST_FILE = Xcode9ProtocolTest/Info.plist;
				LD_RUNPATH_SEARCH_PATHS = "$(inherited) @executable_path/Frameworks";
				LIBRARY_SEARCH_PATHS = "$(HOME)/bc/j2objc/dist/lib";
				PRODUCT_BUNDLE_IDENTIFIER = com.danieldickison.Xcode9ProtocolTest;
				PRODUCT_NAME = "$(TARGET_NAME)";
				TARGETED_DEVICE_FAMILY = "1,2";
				USER_HEADER_SEARCH_PATHS = "$(HOME)/bc/j2objc/dist/include";
			};
			name = Release;
		};
/* End XCBuildConfiguration section */

/* Begin XCConfigurationList section */
		6527DB0F1F57DEE600441D42 /* Build configuration list for PBXProject "Xcode9ProtocolTest" */ = {
			isa = XCConfigurationList;
			buildConfigurations = (
				6527DB281F57DEE600441D42 /* Debug */,
				6527DB291F57DEE600441D42 /* Release */,
			);
			defaultConfigurationIsVisible = 0;
			defaultConfigurationName = Release;
		};
		6527DB2A1F57DEE600441D42 /* Build configuration list for PBXNativeTarget "Xcode9ProtocolTest" */ = {
			isa = XCConfigurationList;
			buildConfigurations = (
				6527DB2B1F57DEE600441D42 /* Debug */,
				6527DB2C1F57DEE600441D42 /* Release */,
			);
			defaultConfigurationIsVisible = 0;
			defaultConfigurationName = Release;
		};
/* End XCConfigurationList section */
	};
	rootObject = 6527DB0C1F57DEE600441D42 /* Project object */;
}
